# THIS IS AN AUTOGENERATED FILE. DO NOT EDIT THIS FILE DIRECTLY.
# yarn lockfile v1


"@types/commander@^2.11.0":
  version "2.11.0"
  resolved "https://registry.yarnpkg.com/@types/commander/-/commander-2.11.0.tgz#7fc765ccad14827e2babd6a99583359ff3e40563"
  dependencies:
    "@types/node" "*"

"@types/node@*", "@types/node@^8.0.53":
  version "8.0.53"
  resolved "https://registry.yarnpkg.com/@types/node/-/node-8.0.53.tgz#396b35af826fa66aad472c8cb7b8d5e277f4e6d8"

commander@^2.12.2:
  version "2.12.2"
  resolved "https://registry.yarnpkg.com/commander/-/commander-2.12.2.tgz#0f5946c427ed9ec0d91a46bb9def53e54650e555"

typescript@^2.4.2:
  version "2.6.2"
  resolved "https://registry.yarnpkg.com/typescript/-/typescript-2.6.2.tgz#3c5b6fd7f6de0914269027f03c0946758f7673a4"
