# THIS IS AN AUTOGENERATED FILE. DO NOT EDIT THIS FILE DIRECTLY.
# yarn lockfile v1


"@types/commander@^2.11.0":
  version "2.12.2"
  resolved "https://registry.yarnpkg.com/@types/commander/-/commander-2.12.2.tgz#183041a23842d4281478fa5d23c5ca78e6fd08ae"
  dependencies:
    commander "*"

"@types/node@^8.0.53":
  version "8.5.2"
  resolved "https://registry.yarnpkg.com/@types/node/-/node-8.5.2.tgz#83b8103fa9a2c2e83d78f701a9aa7c9539739aa5"

commander@*, commander@^2.12.2:
  version "2.12.2"
  resolved "https://registry.yarnpkg.com/commander/-/commander-2.12.2.tgz#0f5946c427ed9ec0d91a46bb9def53e54650e555"

ncp@^2.0.0:
  version "2.0.0"
  resolved "https://registry.yarnpkg.com/ncp/-/ncp-2.0.0.tgz#195a21d6c46e361d2fb1281ba38b91e9df7bdbb3"

typescript@^2.4.2:
  version "2.6.2"
  resolved "https://registry.yarnpkg.com/typescript/-/typescript-2.6.2.tgz#3c5b6fd7f6de0914269027f03c0946758f7673a4"
